
Microsoft Visual Studio Solution File, Format Version 12.00
# Visual Studio Version 16
VisualStudioVersion = 16.0.32802.440
MinimumVisualStudioVersion = 10.0.40219.1
Project("{FAE04EC0-301F-11D3-BF4B-00C04F79EFBC}") = "ProjetoWhileNumerosImpares", "ProjetoWhileNumerosImpares\ProjetoWhileNumerosImpares.csproj", "{9AC5B26B-1548-404C-B7AC-2FC0B098B6E4}"
EndProject
Global
	GlobalSection(SolutionConfigurationPlatforms) = preSolution
		Debug|Any CPU = Debug|Any CPU
		Release|Any CPU = Release|Any CPU
	EndGlobalSection
	GlobalSection(ProjectConfigurationPlatforms) = postSolution
		{9AC5B26B-1548-404C-B7AC-2FC0B098B6E4}.Debug|Any CPU.ActiveCfg = Debug|Any CPU
		{9AC5B26B-1548-404C-B7AC-2FC0B098B6E4}.Debug|Any CPU.Build.0 = Debug|Any CPU
		{9AC5B26B-1548-404C-B7AC-2FC0B098B6E4}.Release|Any CPU.ActiveCfg = Release|Any CPU
		{9AC5B26B-1548-404C-B7AC-2FC0B098B6E4}.Release|Any CPU.Build.0 = Release|Any CPU
	EndGlobalSection
	GlobalSection(SolutionProperties) = preSolution
		HideSolutionNode = FALSE
	EndGlobalSection
	GlobalSection(ExtensibilityGlobals) = postSolution
		SolutionGuid = {D87FEDAC-BC28-4081-BDD1-9D9635B0F48F}
	EndGlobalSection
EndGlobal
