
Microsoft Visual Studio Solution File, Format Version 12.00
# Visual Studio Version 16
VisualStudioVersion = 16.0.32802.440
MinimumVisualStudioVersion = 10.0.40219.1
Project("{FAE04EC0-301F-11D3-BF4B-00C04F79EFBC}") = "ProjetoConsumo", "ProjetoConsumo\ProjetoConsumo.csproj", "{05AE695E-BAF4-45B0-BD2B-544F02E3D003}"
EndProject
Global
	GlobalSection(SolutionConfigurationPlatforms) = preSolution
		Debug|Any CPU = Debug|Any CPU
		Release|Any CPU = Release|Any CPU
	EndGlobalSection
	GlobalSection(ProjectConfigurationPlatforms) = postSolution
		{05AE695E-BAF4-45B0-BD2B-544F02E3D003}.Debug|Any CPU.ActiveCfg = Debug|Any CPU
		{05AE695E-BAF4-45B0-BD2B-544F02E3D003}.Debug|Any CPU.Build.0 = Debug|Any CPU
		{05AE695E-BAF4-45B0-BD2B-544F02E3D003}.Release|Any CPU.ActiveCfg = Release|Any CPU
		{05AE695E-BAF4-45B0-BD2B-544F02E3D003}.Release|Any CPU.Build.0 = Release|Any CPU
	EndGlobalSection
	GlobalSection(SolutionProperties) = preSolution
		HideSolutionNode = FALSE
	EndGlobalSection
	GlobalSection(ExtensibilityGlobals) = postSolution
		SolutionGuid = {764FBA1F-312B-410D-B57E-173291C3301B}
	EndGlobalSection
EndGlobal
