
Microsoft Visual Studio Solution File, Format Version 12.00
# Visual Studio Version 16
VisualStudioVersion = 16.0.32802.440
MinimumVisualStudioVersion = 10.0.40219.1
Project("{FAE04EC0-301F-11D3-BF4B-00C04F79EFBC}") = "ProjetoWhileIdade", "ProjetoWhileIdade\ProjetoWhileIdade.csproj", "{1B1EA22E-8022-45FF-B988-0A5B9B374F3B}"
EndProject
Global
	GlobalSection(SolutionConfigurationPlatforms) = preSolution
		Debug|Any CPU = Debug|Any CPU
		Release|Any CPU = Release|Any CPU
	EndGlobalSection
	GlobalSection(ProjectConfigurationPlatforms) = postSolution
		{1B1EA22E-8022-45FF-B988-0A5B9B374F3B}.Debug|Any CPU.ActiveCfg = Debug|Any CPU
		{1B1EA22E-8022-45FF-B988-0A5B9B374F3B}.Debug|Any CPU.Build.0 = Debug|Any CPU
		{1B1EA22E-8022-45FF-B988-0A5B9B374F3B}.Release|Any CPU.ActiveCfg = Release|Any CPU
		{1B1EA22E-8022-45FF-B988-0A5B9B374F3B}.Release|Any CPU.Build.0 = Release|Any CPU
	EndGlobalSection
	GlobalSection(SolutionProperties) = preSolution
		HideSolutionNode = FALSE
	EndGlobalSection
	GlobalSection(ExtensibilityGlobals) = postSolution
		SolutionGuid = {ABF8FCAD-13F9-43EC-B047-CFD8BF565D36}
	EndGlobalSection
EndGlobal
