
Microsoft Visual Studio Solution File, Format Version 12.00
# Visual Studio Version 16
VisualStudioVersion = 16.0.32802.440
MinimumVisualStudioVersion = 10.0.40219.1
Project("{FAE04EC0-301F-11D3-BF4B-00C04F79EFBC}") = "AulaVetor3", "AulaVetor3\AulaVetor3.csproj", "{21F52876-C105-4923-B8DA-AD46CEE22C90}"
EndProject
Global
	GlobalSection(SolutionConfigurationPlatforms) = preSolution
		Debug|Any CPU = Debug|Any CPU
		Release|Any CPU = Release|Any CPU
	EndGlobalSection
	GlobalSection(ProjectConfigurationPlatforms) = postSolution
		{21F52876-C105-4923-B8DA-AD46CEE22C90}.Debug|Any CPU.ActiveCfg = Debug|Any CPU
		{21F52876-C105-4923-B8DA-AD46CEE22C90}.Debug|Any CPU.Build.0 = Debug|Any CPU
		{21F52876-C105-4923-B8DA-AD46CEE22C90}.Release|Any CPU.ActiveCfg = Release|Any CPU
		{21F52876-C105-4923-B8DA-AD46CEE22C90}.Release|Any CPU.Build.0 = Release|Any CPU
	EndGlobalSection
	GlobalSection(SolutionProperties) = preSolution
		HideSolutionNode = FALSE
	EndGlobalSection
	GlobalSection(ExtensibilityGlobals) = postSolution
		SolutionGuid = {1F140DF0-296B-44EF-A8AF-BBB80036FBBB}
	EndGlobalSection
EndGlobal
