
Microsoft Visual Studio Solution File, Format Version 12.00
# Visual Studio Version 16
VisualStudioVersion = 16.0.32802.440
MinimumVisualStudioVersion = 10.0.40219.1
Project("{FAE04EC0-301F-11D3-BF4B-00C04F79EFBC}") = "ProjetoExercicioWhile", "ProjetoExercicioWhile\ProjetoExercicioWhile.csproj", "{402D5C23-10F8-41FC-994A-991C837A8BC6}"
EndProject
Global
	GlobalSection(SolutionConfigurationPlatforms) = preSolution
		Debug|Any CPU = Debug|Any CPU
		Release|Any CPU = Release|Any CPU
	EndGlobalSection
	GlobalSection(ProjectConfigurationPlatforms) = postSolution
		{402D5C23-10F8-41FC-994A-991C837A8BC6}.Debug|Any CPU.ActiveCfg = Debug|Any CPU
		{402D5C23-10F8-41FC-994A-991C837A8BC6}.Debug|Any CPU.Build.0 = Debug|Any CPU
		{402D5C23-10F8-41FC-994A-991C837A8BC6}.Release|Any CPU.ActiveCfg = Release|Any CPU
		{402D5C23-10F8-41FC-994A-991C837A8BC6}.Release|Any CPU.Build.0 = Release|Any CPU
	EndGlobalSection
	GlobalSection(SolutionProperties) = preSolution
		HideSolutionNode = FALSE
	EndGlobalSection
	GlobalSection(ExtensibilityGlobals) = postSolution
		SolutionGuid = {C1854A8C-EE8D-4B92-90D0-E7E3BD1A87F7}
	EndGlobalSection
EndGlobal
