
Microsoft Visual Studio Solution File, Format Version 12.00
# Visual Studio Version 16
VisualStudioVersion = 16.0.32802.440
MinimumVisualStudioVersion = 10.0.40219.1
Project("{FAE04EC0-301F-11D3-BF4B-00C04F79EFBC}") = "ProjetoQuadradoDePares", "ProjetoQuadradoDePares\ProjetoQuadradoDePares.csproj", "{A675E2E2-AE90-4F89-85F3-36EB1F7CD96D}"
EndProject
Global
	GlobalSection(SolutionConfigurationPlatforms) = preSolution
		Debug|Any CPU = Debug|Any CPU
		Release|Any CPU = Release|Any CPU
	EndGlobalSection
	GlobalSection(ProjectConfigurationPlatforms) = postSolution
		{A675E2E2-AE90-4F89-85F3-36EB1F7CD96D}.Debug|Any CPU.ActiveCfg = Debug|Any CPU
		{A675E2E2-AE90-4F89-85F3-36EB1F7CD96D}.Debug|Any CPU.Build.0 = Debug|Any CPU
		{A675E2E2-AE90-4F89-85F3-36EB1F7CD96D}.Release|Any CPU.ActiveCfg = Release|Any CPU
		{A675E2E2-AE90-4F89-85F3-36EB1F7CD96D}.Release|Any CPU.Build.0 = Release|Any CPU
	EndGlobalSection
	GlobalSection(SolutionProperties) = preSolution
		HideSolutionNode = FALSE
	EndGlobalSection
	GlobalSection(ExtensibilityGlobals) = postSolution
		SolutionGuid = {B4D276A3-1402-40E8-9E9B-2647F6B000D0}
	EndGlobalSection
EndGlobal
