
Microsoft Visual Studio Solution File, Format Version 12.00
# Visual Studio Version 16
VisualStudioVersion = 16.0.32802.440
MinimumVisualStudioVersion = 10.0.40219.1
Project("{FAE04EC0-301F-11D3-BF4B-00C04F79EFBC}") = "ProjetoWhile1", "ProjetoWhile1\ProjetoWhile1.csproj", "{C5994EAE-7740-46D2-A307-F56833D50B9E}"
EndProject
Global
	GlobalSection(SolutionConfigurationPlatforms) = preSolution
		Debug|Any CPU = Debug|Any CPU
		Release|Any CPU = Release|Any CPU
	EndGlobalSection
	GlobalSection(ProjectConfigurationPlatforms) = postSolution
		{C5994EAE-7740-46D2-A307-F56833D50B9E}.Debug|Any CPU.ActiveCfg = Debug|Any CPU
		{C5994EAE-7740-46D2-A307-F56833D50B9E}.Debug|Any CPU.Build.0 = Debug|Any CPU
		{C5994EAE-7740-46D2-A307-F56833D50B9E}.Release|Any CPU.ActiveCfg = Release|Any CPU
		{C5994EAE-7740-46D2-A307-F56833D50B9E}.Release|Any CPU.Build.0 = Release|Any CPU
	EndGlobalSection
	GlobalSection(SolutionProperties) = preSolution
		HideSolutionNode = FALSE
	EndGlobalSection
	GlobalSection(ExtensibilityGlobals) = postSolution
		SolutionGuid = {9806F39F-23AB-428D-B52D-50352ABC66DF}
	EndGlobalSection
EndGlobal
