
Microsoft Visual Studio Solution File, Format Version 12.00
# Visual Studio Version 16
VisualStudioVersion = 16.0.32802.440
MinimumVisualStudioVersion = 10.0.40219.1
Project("{FAE04EC0-301F-11D3-BF4B-00C04F79EFBC}") = "Média", "Média\Média.csproj", "{D9B23B14-FC20-4B69-BBE0-5B7765EF367C}"
EndProject
Global
	GlobalSection(SolutionConfigurationPlatforms) = preSolution
		Debug|Any CPU = Debug|Any CPU
		Release|Any CPU = Release|Any CPU
	EndGlobalSection
	GlobalSection(ProjectConfigurationPlatforms) = postSolution
		{D9B23B14-FC20-4B69-BBE0-5B7765EF367C}.Debug|Any CPU.ActiveCfg = Debug|Any CPU
		{D9B23B14-FC20-4B69-BBE0-5B7765EF367C}.Debug|Any CPU.Build.0 = Debug|Any CPU
		{D9B23B14-FC20-4B69-BBE0-5B7765EF367C}.Release|Any CPU.ActiveCfg = Release|Any CPU
		{D9B23B14-FC20-4B69-BBE0-5B7765EF367C}.Release|Any CPU.Build.0 = Release|Any CPU
	EndGlobalSection
	GlobalSection(SolutionProperties) = preSolution
		HideSolutionNode = FALSE
	EndGlobalSection
	GlobalSection(ExtensibilityGlobals) = postSolution
		SolutionGuid = {FF134438-7152-4E05-9B6E-89560E14A9A5}
	EndGlobalSection
EndGlobal
