
Microsoft Visual Studio Solution File, Format Version 12.00
# Visual Studio Version 16
VisualStudioVersion = 16.0.32802.440
MinimumVisualStudioVersion = 10.0.40219.1
Project("{FAE04EC0-301F-11D3-BF4B-00C04F79EFBC}") = "FunçoesEMetodos", "FunçoesEMetodos\FunçoesEMetodos.csproj", "{5041653A-78C2-449D-B340-593D550C0DFB}"
EndProject
Global
	GlobalSection(SolutionConfigurationPlatforms) = preSolution
		Debug|Any CPU = Debug|Any CPU
		Release|Any CPU = Release|Any CPU
	EndGlobalSection
	GlobalSection(ProjectConfigurationPlatforms) = postSolution
		{5041653A-78C2-449D-B340-593D550C0DFB}.Debug|Any CPU.ActiveCfg = Debug|Any CPU
		{5041653A-78C2-449D-B340-593D550C0DFB}.Debug|Any CPU.Build.0 = Debug|Any CPU
		{5041653A-78C2-449D-B340-593D550C0DFB}.Release|Any CPU.ActiveCfg = Release|Any CPU
		{5041653A-78C2-449D-B340-593D550C0DFB}.Release|Any CPU.Build.0 = Release|Any CPU
	EndGlobalSection
	GlobalSection(SolutionProperties) = preSolution
		HideSolutionNode = FALSE
	EndGlobalSection
	GlobalSection(ExtensibilityGlobals) = postSolution
		SolutionGuid = {F9965BA0-31C6-444A-B403-2FF4C06D7A88}
	EndGlobalSection
EndGlobal
