
Microsoft Visual Studio Solution File, Format Version 12.00
# Visual Studio Version 16
VisualStudioVersion = 16.0.32802.440
MinimumVisualStudioVersion = 10.0.40219.1
Project("{FAE04EC0-301F-11D3-BF4B-00C04F79EFBC}") = "ProjetoIdade", "ProjetoIdade\ProjetoIdade.csproj", "{122F6F22-2C0D-4BC0-87AD-7E0631B99178}"
EndProject
Global
	GlobalSection(SolutionConfigurationPlatforms) = preSolution
		Debug|Any CPU = Debug|Any CPU
		Release|Any CPU = Release|Any CPU
	EndGlobalSection
	GlobalSection(ProjectConfigurationPlatforms) = postSolution
		{122F6F22-2C0D-4BC0-87AD-7E0631B99178}.Debug|Any CPU.ActiveCfg = Debug|Any CPU
		{122F6F22-2C0D-4BC0-87AD-7E0631B99178}.Debug|Any CPU.Build.0 = Debug|Any CPU
		{122F6F22-2C0D-4BC0-87AD-7E0631B99178}.Release|Any CPU.ActiveCfg = Release|Any CPU
		{122F6F22-2C0D-4BC0-87AD-7E0631B99178}.Release|Any CPU.Build.0 = Release|Any CPU
	EndGlobalSection
	GlobalSection(SolutionProperties) = preSolution
		HideSolutionNode = FALSE
	EndGlobalSection
	GlobalSection(ExtensibilityGlobals) = postSolution
		SolutionGuid = {BBC578DD-F6EC-41D7-B3C8-050A4C8C7C8A}
	EndGlobalSection
EndGlobal
