
Microsoft Visual Studio Solution File, Format Version 12.00
# Visual Studio Version 16
VisualStudioVersion = 16.0.32802.440
MinimumVisualStudioVersion = 10.0.40219.1
Project("{FAE04EC0-301F-11D3-BF4B-00C04F79EFBC}") = "ProjetoEnquanto", "ProjetoEnquanto\ProjetoEnquanto.csproj", "{92EF93FD-92E6-4C57-AF3E-6881AFE841D0}"
EndProject
Global
	GlobalSection(SolutionConfigurationPlatforms) = preSolution
		Debug|Any CPU = Debug|Any CPU
		Release|Any CPU = Release|Any CPU
	EndGlobalSection
	GlobalSection(ProjectConfigurationPlatforms) = postSolution
		{92EF93FD-92E6-4C57-AF3E-6881AFE841D0}.Debug|Any CPU.ActiveCfg = Debug|Any CPU
		{92EF93FD-92E6-4C57-AF3E-6881AFE841D0}.Debug|Any CPU.Build.0 = Debug|Any CPU
		{92EF93FD-92E6-4C57-AF3E-6881AFE841D0}.Release|Any CPU.ActiveCfg = Release|Any CPU
		{92EF93FD-92E6-4C57-AF3E-6881AFE841D0}.Release|Any CPU.Build.0 = Release|Any CPU
	EndGlobalSection
	GlobalSection(SolutionProperties) = preSolution
		HideSolutionNode = FALSE
	EndGlobalSection
	GlobalSection(ExtensibilityGlobals) = postSolution
		SolutionGuid = {377927AA-7425-463E-B466-AC3BC6F141B1}
	EndGlobalSection
EndGlobal
