
Microsoft Visual Studio Solution File, Format Version 12.00
# Visual Studio Version 16
VisualStudioVersion = 16.0.32802.440
MinimumVisualStudioVersion = 10.0.40219.1
Project("{FAE04EC0-301F-11D3-BF4B-00C04F79EFBC}") = "ProjetoIfElse2", "ProjetoIfElse2\ProjetoIfElse2.csproj", "{03F44798-F876-40ED-9642-CA9EFC8DFA44}"
EndProject
Global
	GlobalSection(SolutionConfigurationPlatforms) = preSolution
		Debug|Any CPU = Debug|Any CPU
		Release|Any CPU = Release|Any CPU
	EndGlobalSection
	GlobalSection(ProjectConfigurationPlatforms) = postSolution
		{03F44798-F876-40ED-9642-CA9EFC8DFA44}.Debug|Any CPU.ActiveCfg = Debug|Any CPU
		{03F44798-F876-40ED-9642-CA9EFC8DFA44}.Debug|Any CPU.Build.0 = Debug|Any CPU
		{03F44798-F876-40ED-9642-CA9EFC8DFA44}.Release|Any CPU.ActiveCfg = Release|Any CPU
		{03F44798-F876-40ED-9642-CA9EFC8DFA44}.Release|Any CPU.Build.0 = Release|Any CPU
	EndGlobalSection
	GlobalSection(SolutionProperties) = preSolution
		HideSolutionNode = FALSE
	EndGlobalSection
	GlobalSection(ExtensibilityGlobals) = postSolution
		SolutionGuid = {A97ED55C-1533-4E10-AE54-AB0464CA60DB}
	EndGlobalSection
EndGlobal
